// !$*UTF8*$!
{
	archiveVersion = 1;
	classes = {
	};
	objectVersion = 77;
	objects = {

/* Begin PBXBuildFile section */
		674E8D7F2FE8DF1F009EF151 /* ZIPFoundation in Frameworks */ = {isa = PBXBuildFile; productRef = 674E8D7E2FE8DF1F009EF151 /* ZIPFoundation */; };
/* End PBXBuildFile section */

/* Begin PBXFileReference section */
		674E8D082FE89DC6009EF151 /* Book.swift */ = {isa = PBXFileReference; lastKnownFileType = sourcecode.swift; path = Book.swift; sourceTree = "<group>"; };
		674E8D092FE89DC7009EF151 /* Chapter.swift */ = {isa = PBXFileReference; lastKnownFileType = sourcecode.swift; path = Chapter.swift; sourceTree = "<group>"; };
		674E8D0A2FE89DC7009EF151 /* Slide.swift */ = {isa = PBXFileReference; lastKnownFileType = sourcecode.swift; path = Slide.swift; sourceTree = "<group>"; };
		674E8D0B2FE89DC8009EF151 /* SlideElement.swift */ = {isa = PBXFileReference; lastKnownFileType = sourcecode.swift; path = SlideElement.swift; sourceTree = "<group>"; };
		674E8D0C2FE89DC8009EF151 /* Primitives.swift */ = {isa = PBXFileReference; lastKnownFileType = sourcecode.swift; path = Primitives.swift; sourceTree = "<group>"; };
		674E8D0D2FE89DC9009EF151 /* AssetReference.swift */ = {isa = PBXFileReference; lastKnownFileType = sourcecode.swift; path = AssetReference.swift; sourceTree = "<group>"; };
		674E8D0E2FE89E05009EF151 /* DPBPackage.swift */ = {isa = PBXFileReference; lastKnownFileType = sourcecode.swift; path = DPBPackage.swift; sourceTree = "<group>"; };
		674E8D0F2FE89E05009EF151 /* DPBArchive.swift */ = {isa = PBXFileReference; lastKnownFileType = sourcecode.swift; path = DPBArchive.swift; sourceTree = "<group>"; };
		674E8D102FE89E05009EF151 /* BookStore.swift */ = {isa = PBXFileReference; lastKnownFileType = sourcecode.swift; path = BookStore.swift; sourceTree = "<group>"; };
		674E8D112FE89E3D009EF151 /* SlideWidget.swift */ = {isa = PBXFileReference; lastKnownFileType = sourcecode.swift; path = SlideWidget.swift; sourceTree = "<group>"; };
		674E8D122FE89E3D009EF151 /* WidgetRegistry.swift */ = {isa = PBXFileReference; lastKnownFileType = sourcecode.swift; path = WidgetRegistry.swift; sourceTree = "<group>"; };
		674E8D132FE89E3E009EF151 /* HardnessCalculatorWidget.swift */ = {isa = PBXFileReference; lastKnownFileType = sourcecode.swift; path = HardnessCalculatorWidget.swift; sourceTree = "<group>"; };
		674E8D142FE89E7B009EF151 /* SlideElementView.swift */ = {isa = PBXFileReference; lastKnownFileType = sourcecode.swift; path = SlideElementView.swift; sourceTree = "<group>"; };
		674E8D152FE89E7B009EF151 /* SlideCanvas.swift */ = {isa = PBXFileReference; lastKnownFileType = sourcecode.swift; path = SlideCanvas.swift; sourceTree = "<group>"; };
		674E8D162FE89E7B009EF151 /* ChapterSidebar.swift */ = {isa = PBXFileReference; lastKnownFileType = sourcecode.swift; path = ChapterSidebar.swift; sourceTree = "<group>"; };
		674E8D172FE89E7C009EF151 /* PlayerView.swift */ = {isa = PBXFileReference; lastKnownFileType = sourcecode.swift; path = PlayerView.swift; sourceTree = "<group>"; };
		674E8D182FE89EDD009EF151 /* SampleBook.swift */ = {isa = PBXFileReference; lastKnownFileType = sourcecode.swift; path = SampleBook.swift; sourceTree = "<group>"; };
		674E8D192FE89EDE009EF151 /* BookCard.swift */ = {isa = PBXFileReference; lastKnownFileType = sourcecode.swift; path = BookCard.swift; sourceTree = "<group>"; };
		674E8D1A2FE89EDE009EF151 /* LibraryView.swift */ = {isa = PBXFileReference; lastKnownFileType = sourcecode.swift; path = LibraryView.swift; sourceTree = "<group>"; };
		67FA9E582FE5D8850075C920 /* Digital Presentation Book.app */ = {isa = PBXFileReference; explicitFileType = wrapper.application; includeInIndex = 0; path = "Digital Presentation Book.app"; sourceTree = BUILT_PRODUCTS_DIR; };
/* End PBXFileReference section */

/* Begin PBXFileSystemSynchronizedRootGroup section */
		67FA9E5A2FE5D8850075C920 /* Digital Presentation Book */ = {
			isa = PBXFileSystemSynchronizedRootGroup;
			path = "Digital Presentation Book";
			sourceTree = "<group>";
		};
/* End PBXFileSystemSynchronizedRootGroup section */

/* Begin PBXFrameworksBuildPhase section */
		67FA9E552FE5D8850075C920 /* Frameworks */ = {
			isa = PBXFrameworksBuildPhase;
			buildActionMask = 2147483647;
			files = (
				674E8D7F2FE8DF1F009EF151 /* ZIPFoundation in Frameworks */,
			);
			runOnlyForDeploymentPostprocessing = 0;
		};
/* End PBXFrameworksBuildPhase section */

/* Begin PBXGroup section */
		674E8D002FE89D88009EF151 /* Models */ = {
			isa = PBXGroup;
			children = (
				674E8D082FE89DC6009EF151 /* Book.swift */,
				674E8D092FE89DC7009EF151 /* Chapter.swift */,
				674E8D0A2FE89DC7009EF151 /* Slide.swift */,
				674E8D0B2FE89DC8009EF151 /* SlideElement.swift */,
				674E8D0C2FE89DC8009EF151 /* Primitives.swift */,
				674E8D0D2FE89DC9009EF151 /* AssetReference.swift */,
			);
			path = Models;
			sourceTree = "<group>";
		};
		674E8D012FE89D88009EF151 /* Document */ = {
			isa = PBXGroup;
			children = (
				674E8D0E2FE89E05009EF151 /* DPBPackage.swift */,
				674E8D0F2FE89E05009EF151 /* DPBArchive.swift */,
				674E8D102FE89E05009EF151 /* BookStore.swift */,
			);
			path = Document;
			sourceTree = "<group>";
		};
		674E8D022FE89D89009EF151 /* Views */ = {
			isa = PBXGroup;
			children = (
				674E8D032FE89D89009EF151 /* Library */,
				674E8D042FE89D8A009EF151 /* Player */,
				674E8D052FE89D8A009EF151 /* Elements */,
			);
			path = Views;
			sourceTree = "<group>";
		};
		674E8D032FE89D89009EF151 /* Library */ = {
			isa = PBXGroup;
			children = (
				674E8D192FE89EDE009EF151 /* BookCard.swift */,
				674E8D1A2FE89EDE009EF151 /* LibraryView.swift */,
			);
			path = Library;
			sourceTree = "<group>";
		};
		674E8D042FE89D8A009EF151 /* Player */ = {
			isa = PBXGroup;
			children = (
				674E8D152FE89E7B009EF151 /* SlideCanvas.swift */,
				674E8D162FE89E7B009EF151 /* ChapterSidebar.swift */,
				674E8D172FE89E7C009EF151 /* PlayerView.swift */,
			);
			path = Player;
			sourceTree = "<group>";
		};
		674E8D052FE89D8A009EF151 /* Elements */ = {
			isa = PBXGroup;
			children = (
				674E8D142FE89E7B009EF151 /* SlideElementView.swift */,
			);
			path = Elements;
			sourceTree = "<group>";
		};
		674E8D062FE89D8B009EF151 /* Widgets */ = {
			isa = PBXGroup;
			children = (
				674E8D112FE89E3D009EF151 /* SlideWidget.swift */,
				674E8D122FE89E3D009EF151 /* WidgetRegistry.swift */,
				674E8D132FE89E3E009EF151 /* HardnessCalculatorWidget.swift */,
			);
			path = Widgets;
			sourceTree = "<group>";
		};
		674E8D072FE89D8B009EF151 /* Samples */ = {
			isa = PBXGroup;
			children = (
				674E8D182FE89EDD009EF151 /* SampleBook.swift */,
			);
			path = Samples;
			sourceTree = "<group>";
		};
		67FA9E4F2FE5D8850075C920 = {
			isa = PBXGroup;
			children = (
				67FA9E5A2FE5D8850075C920 /* Digital Presentation Book */,
				67FA9E592FE5D8850075C920 /* Products */,
				674E8D002FE89D88009EF151 /* Models */,
				674E8D012FE89D88009EF151 /* Document */,
				674E8D022FE89D89009EF151 /* Views */,
				674E8D062FE89D8B009EF151 /* Widgets */,
				674E8D072FE89D8B009EF151 /* Samples */,
			);
			sourceTree = "<group>";
		};
		67FA9E592FE5D8850075C920 /* Products */ = {
			isa = PBXGroup;
			children = (
				67FA9E582FE5D8850075C920 /* Digital Presentation Book.app */,
			);
			name = Products;
			sourceTree = "<group>";
		};
/* End PBXGroup section */

/* Begin PBXNativeTarget section */
		67FA9E572FE5D8850075C920 /* Digital Presentation Book */ = {
			isa = PBXNativeTarget;
			buildConfigurationList = 67FA9E632FE5D8870075C920 /* Build configuration list for PBXNativeTarget "Digital Presentation Book" */;
			buildPhases = (
				67FA9E542FE5D8850075C920 /* Sources */,
				67FA9E552FE5D8850075C920 /* Frameworks */,
				67FA9E562FE5D8850075C920 /* Resources */,
			);
			buildRules = (
			);
			dependencies = (
			);
			fileSystemSynchronizedGroups = (
				67FA9E5A2FE5D8850075C920 /* Digital Presentation Book */,
			);
			name = "Digital Presentation Book";
			packageProductDependencies = (
				674E8D7E2FE8DF1F009EF151 /* ZIPFoundation */,
			);
			productName = "Digital Presentation Book";
			productReference = 67FA9E582FE5D8850075C920 /* Digital Presentation Book.app */;
			productType = "com.apple.product-type.application";
		};
/* End PBXNativeTarget section */

/* Begin PBXProject section */
		67FA9E502FE5D8850075C920 /* Project object */ = {
			isa = PBXProject;
			attributes = {
				BuildIndependentTargetsInParallel = 1;
				LastSwiftUpdateCheck = 2650;
				LastUpgradeCheck = 2650;
				TargetAttributes = {
					67FA9E572FE5D8850075C920 = {
						CreatedOnToolsVersion = 26.5;
					};
				};
			};
			buildConfigurationList = 67FA9E532FE5D8850075C920 /* Build configuration list for PBXProject "Digital Presentation Book" */;
			developmentRegion = en;
			hasScannedForEncodings = 0;
			knownRegions = (
				en,
				Base,
			);
			mainGroup = 67FA9E4F2FE5D8850075C920;
			minimizedProjectReferenceProxies = 1;
			packageReferences = (
				674E8D7D2FE8DF1F009EF151 /* XCRemoteSwiftPackageReference "ZIPFoundation" */,
			);
			preferredProjectObjectVersion = 77;
			productRefGroup = 67FA9E592FE5D8850075C920 /* Products */;
			projectDirPath = "";
			projectRoot = "";
			targets = (
				67FA9E572FE5D8850075C920 /* Digital Presentation Book */,
			);
		};
/* End PBXProject section */

/* Begin PBXResourcesBuildPhase section */
		67FA9E562FE5D8850075C920 /* Resources */ = {
			isa = PBXResourcesBuildPhase;
			buildActionMask = 2147483647;
			files = (
			);
			runOnlyForDeploymentPostprocessing = 0;
		};
/* End PBXResourcesBuildPhase section */

/* Begin PBXSourcesBuildPhase section */
		67FA9E542FE5D8850075C920 /* Sources */ = {
			isa = PBXSourcesBuildPhase;
			buildActionMask = 2147483647;
			files = (
			);
			runOnlyForDeploymentPostprocessing = 0;
		};
/* End PBXSourcesBuildPhase section */

/* Begin XCBuildConfiguration section */
		67FA9E612FE5D8870075C920 /* Debug */ = {
			isa = XCBuildConfiguration;
			buildSettings = {
				ALWAYS_SEARCH_USER_PATHS = NO;
				ASSETCATALOG_COMPILER_GENERATE_SWIFT_ASSET_SYMBOL_EXTENSIONS = YES;
				CLANG_ANALYZER_NONNULL = YES;
				CLANG_ANALYZER_NUMBER_OBJECT_CONVERSION = YES_AGGRESSIVE;
				CLANG_CXX_LANGUAGE_STANDARD = "gnu++20";
				CLANG_ENABLE_MODULES = YES;
				CLANG_ENABLE_OBJC_ARC = YES;
				CLANG_ENABLE_OBJC_WEAK = YES;
				CLANG_WARN_BLOCK_CAPTURE_AUTORELEASING = YES;
				CLANG_WARN_BOOL_CONVERSION = YES;
				CLANG_WARN_COMMA = YES;
				CLANG_WARN_CONSTANT_CONVERSION = YES;
				CLANG_WARN_DEPRECATED_OBJC_IMPLEMENTATIONS = YES;
				CLANG_WARN_DIRECT_OBJC_ISA_USAGE = YES_ERROR;
				CLANG_WARN_DOCUMENTATION_COMMENTS = YES;
				CLANG_WARN_EMPTY_BODY = YES;
				CLANG_WARN_ENUM_CONVERSION = YES;
				CLANG_WARN_INFINITE_RECURSION = YES;
				CLANG_WARN_INT_CONVERSION = YES;
				CLANG_WARN_NON_LITERAL_NULL_CONVERSION = YES;
				CLANG_WARN_OBJC_IMPLICIT_RETAIN_SELF = YES;
				CLANG_WARN_OBJC_LITERAL_CONVERSION = YES;
				CLANG_WARN_OBJC_ROOT_CLASS = YES_ERROR;
				CLANG_WARN_QUOTED_INCLUDE_IN_FRAMEWORK_HEADER = YES;
				CLANG_WARN_RANGE_LOOP_ANALYSIS = YES;
				CLANG_WARN_STRICT_PROTOTYPES = YES;
				CLANG_WARN_SUSPICIOUS_MOVE = YES;
				CLANG_WARN_UNGUARDED_AVAILABILITY = YES_AGGRESSIVE;
				CLANG_WARN_UNREACHABLE_CODE = YES;
				CLANG_WARN__DUPLICATE_METHOD_MATCH = YES;
				COPY_PHASE_STRIP = NO;
				DEBUG_INFORMATION_FORMAT = dwarf;
				DEVELOPMENT_TEAM = G6623K8SSL;
				ENABLE_STRICT_OBJC_MSGSEND = YES;
				ENABLE_TESTABILITY = YES;
				ENABLE_USER_SCRIPT_SANDBOXING = YES;
				GCC_C_LANGUAGE_STANDARD = gnu17;
				GCC_DYNAMIC_NO_PIC = NO;
				GCC_NO_COMMON_BLOCKS = YES;
				GCC_OPTIMIZATION_LEVEL = 0;
				GCC_PREPROCESSOR_DEFINITIONS = (
					"DEBUG=1",
					"$(inherited)",
				);
				GCC_WARN_64_TO_32_BIT_CONVERSION = YES;
				GCC_WARN_ABOUT_RETURN_TYPE = YES_ERROR;
				GCC_WARN_UNDECLARED_SELECTOR = YES;
				GCC_WARN_UNINITIALIZED_AUTOS = YES_AGGRESSIVE;
				GCC_WARN_UNUSED_FUNCTION = YES;
				GCC_WARN_UNUSED_VARIABLE = YES;
				IPHONEOS_DEPLOYMENT_TARGET = 26.5;
				LOCALIZATION_PREFERS_STRING_CATALOGS = YES;
				MTL_ENABLE_DEBUG_INFO = INCLUDE_SOURCE;
				MTL_FAST_MATH = YES;
				ONLY_ACTIVE_ARCH = YES;
				SDKROOT = iphoneos;
				SWIFT_ACTIVE_COMPILATION_CONDITIONS = "DEBUG $(inherited)";
				SWIFT_OPTIMIZATION_LEVEL = "-Onone";
			};
			name = Debug;
		};
		67FA9E622FE5D8870075C920 /* Release */ = {
			isa = XCBuildConfiguration;
			buildSettings = {
				ALWAYS_SEARCH_USER_PATHS = NO;
				ASSETCATALOG_COMPILER_GENERATE_SWIFT_ASSET_SYMBOL_EXTENSIONS = YES;
				CLANG_ANALYZER_NONNULL = YES;
				CLANG_ANALYZER_NUMBER_OBJECT_CONVERSION = YES_AGGRESSIVE;
				CLANG_CXX_LANGUAGE_STANDARD = "gnu++20";
				CLANG_ENABLE_MODULES = YES;
				CLANG_ENABLE_OBJC_ARC = YES;
				CLANG_ENABLE_OBJC_WEAK = YES;
				CLANG_WARN_BLOCK_CAPTURE_AUTORELEASING = YES;
				CLANG_WARN_BOOL_CONVERSION = YES;
				CLANG_WARN_COMMA = YES;
				CLANG_WARN_CONSTANT_CONVERSION = YES;
				CLANG_WARN_DEPRECATED_OBJC_IMPLEMENTATIONS = YES;
				CLANG_WARN_DIRECT_OBJC_ISA_USAGE = YES_ERROR;
				CLANG_WARN_DOCUMENTATION_COMMENTS = YES;
				CLANG_WARN_EMPTY_BODY = YES;
				CLANG_WARN_ENUM_CONVERSION = YES;
				CLANG_WARN_INFINITE_RECURSION = YES;
				CLANG_WARN_INT_CONVERSION = YES;
				CLANG_WARN_NON_LITERAL_NULL_CONVERSION = YES;
				CLANG_WARN_OBJC_IMPLICIT_RETAIN_SELF = YES;
				CLANG_WARN_OBJC_LITERAL_CONVERSION = YES;
				CLANG_WARN_OBJC_ROOT_CLASS = YES_ERROR;
				CLANG_WARN_QUOTED_INCLUDE_IN_FRAMEWORK_HEADER = YES;
				CLANG_WARN_RANGE_LOOP_ANALYSIS = YES;
				CLANG_WARN_STRICT_PROTOTYPES = YES;
				CLANG_WARN_SUSPICIOUS_MOVE = YES;
				CLANG_WARN_UNGUARDED_AVAILABILITY = YES_AGGRESSIVE;
				CLANG_WARN_UNREACHABLE_CODE = YES;
				CLANG_WARN__DUPLICATE_METHOD_MATCH = YES;
				COPY_PHASE_STRIP = NO;
				DEBUG_INFORMATION_FORMAT = "dwarf-with-dsym";
				DEVELOPMENT_TEAM = G6623K8SSL;
				ENABLE_NS_ASSERTIONS = NO;
				ENABLE_STRICT_OBJC_MSGSEND = YES;
				ENABLE_USER_SCRIPT_SANDBOXING = YES;
				GCC_C_LANGUAGE_STANDARD = gnu17;
				GCC_NO_COMMON_BLOCKS = YES;
				GCC_WARN_64_TO_32_BIT_CONVERSION = YES;
				GCC_WARN_ABOUT_RETURN_TYPE = YES_ERROR;
				GCC_WARN_UNDECLARED_SELECTOR = YES;
				GCC_WARN_UNINITIALIZED_AUTOS = YES_AGGRESSIVE;
				GCC_WARN_UNUSED_FUNCTION = YES;
				GCC_WARN_UNUSED_VARIABLE = YES;
				IPHONEOS_DEPLOYMENT_TARGET = 26.5;
				LOCALIZATION_PREFERS_STRING_CATALOGS = YES;
				MTL_ENABLE_DEBUG_INFO = NO;
				MTL_FAST_MATH = YES;
				SDKROOT = iphoneos;
				SWIFT_COMPILATION_MODE = wholemodule;
				VALIDATE_PRODUCT = YES;
			};
			name = Release;
		};
		67FA9E642FE5D8870075C920 /* Debug */ = {
			isa = XCBuildConfiguration;
			buildSettings = {
				ASSETCATALOG_COMPILER_APPICON_NAME = AppIcon;
				ASSETCATALOG_COMPILER_GLOBAL_ACCENT_COLOR_NAME = AccentColor;
				CODE_SIGN_STYLE = Automatic;
				CURRENT_PROJECT_VERSION = 2358;
				DEVELOPMENT_TEAM = G6623K8SSL;
				ENABLE_PREVIEWS = YES;
				GENERATE_INFOPLIST_FILE = YES;
				INFOPLIST_KEY_LSApplicationCategoryType = "public.app-category.utilities";
				INFOPLIST_KEY_UIApplicationSceneManifest_Generation = YES;
				INFOPLIST_KEY_UIApplicationSupportsIndirectInputEvents = YES;
				INFOPLIST_KEY_UILaunchScreen_Generation = YES;
				INFOPLIST_KEY_UISupportedInterfaceOrientations_iPad = "UIInterfaceOrientationPortrait UIInterfaceOrientationPortraitUpsideDown UIInterfaceOrientationLandscapeLeft UIInterfaceOrientationLandscapeRight";
				INFOPLIST_KEY_UISupportedInterfaceOrientations_iPhone = "UIInterfaceOrientationPortrait UIInterfaceOrientationLandscapeLeft UIInterfaceOrientationLandscapeRight";
				LD_RUNPATH_SEARCH_PATHS = (
					"$(inherited)",
					"@executable_path/Frameworks",
				);
				MARKETING_VERSION = 260624;
				PRODUCT_BUNDLE_IDENTIFIER = "Starholder-Softworks.Digital-Presentation-Book";
				PRODUCT_NAME = "$(TARGET_NAME)";
				STRING_CATALOG_GENERATE_SYMBOLS = YES;
				SUPPORTED_PLATFORMS = "iphoneos iphonesimulator";
				SUPPORTS_MACCATALYST = NO;
				SWIFT_APPROACHABLE_CONCURRENCY = YES;
				SWIFT_DEFAULT_ACTOR_ISOLATION = MainActor;
				SWIFT_EMIT_LOC_STRINGS = YES;
				SWIFT_UPCOMING_FEATURE_MEMBER_IMPORT_VISIBILITY = YES;
				SWIFT_VERSION = 5.0;
				TARGETED_DEVICE_FAMILY = 2;
			};
			name = Debug;
		};
		67FA9E652FE5D8870075C920 /* Release */ = {
			isa = XCBuildConfiguration;
			buildSettings = {
				ASSETCATALOG_COMPILER_APPICON_NAME = AppIcon;
				ASSETCATALOG_COMPILER_GLOBAL_ACCENT_COLOR_NAME = AccentColor;
				CODE_SIGN_STYLE = Automatic;
				CURRENT_PROJECT_VERSION = 2358;
				DEVELOPMENT_TEAM = G6623K8SSL;
				ENABLE_PREVIEWS = YES;
				GENERATE_INFOPLIST_FILE = YES;
				INFOPLIST_KEY_LSApplicationCategoryType = "public.app-category.utilities";
				INFOPLIST_KEY_UIApplicationSceneManifest_Generation = YES;
				INFOPLIST_KEY_UIApplicationSupportsIndirectInputEvents = YES;
				INFOPLIST_KEY_UILaunchScreen_Generation = YES;
				INFOPLIST_KEY_UISupportedInterfaceOrientations_iPad = "UIInterfaceOrientationPortrait UIInterfaceOrientationPortraitUpsideDown UIInterfaceOrientationLandscapeLeft UIInterfaceOrientationLandscapeRight";
				INFOPLIST_KEY_UISupportedInterfaceOrientations_iPhone = "UIInterfaceOrientationPortrait UIInterfaceOrientationLandscapeLeft UIInterfaceOrientationLandscapeRight";
				LD_RUNPATH_SEARCH_PATHS = (
					"$(inherited)",
					"@executable_path/Frameworks",
				);
				MARKETING_VERSION = 260624;
				PRODUCT_BUNDLE_IDENTIFIER = "Starholder-Softworks.Digital-Presentation-Book";
				PRODUCT_NAME = "$(TARGET_NAME)";
				STRING_CATALOG_GENERATE_SYMBOLS = YES;
				SUPPORTED_PLATFORMS = "iphoneos iphonesimulator";
				SUPPORTS_MACCATALYST = NO;
				SWIFT_APPROACHABLE_CONCURRENCY = YES;
				SWIFT_DEFAULT_ACTOR_ISOLATION = MainActor;
				SWIFT_EMIT_LOC_STRINGS = YES;
				SWIFT_UPCOMING_FEATURE_MEMBER_IMPORT_VISIBILITY = YES;
				SWIFT_VERSION = 5.0;
				TARGETED_DEVICE_FAMILY = 2;
			};
			name = Release;
		};
/* End XCBuildConfiguration section */

/* Begin XCConfigurationList section */
		67FA9E532FE5D8850075C920 /* Build configuration list for PBXProject "Digital Presentation Book" */ = {
			isa = XCConfigurationList;
			buildConfigurations = (
				67FA9E612FE5D8870075C920 /* Debug */,
				67FA9E622FE5D8870075C920 /* Release */,
			);
			defaultConfigurationIsVisible = 0;
			defaultConfigurationName = Release;
		};
		67FA9E632FE5D8870075C920 /* Build configuration list for PBXNativeTarget "Digital Presentation Book" */ = {
			isa = XCConfigurationList;
			buildConfigurations = (
				67FA9E642FE5D8870075C920 /* Debug */,
				67FA9E652FE5D8870075C920 /* Release */,
			);
			defaultConfigurationIsVisible = 0;
			defaultConfigurationName = Release;
		};
/* End XCConfigurationList section */

/* Begin XCRemoteSwiftPackageReference section */
		674E8D7D2FE8DF1F009EF151 /* XCRemoteSwiftPackageReference "ZIPFoundation" */ = {
			isa = XCRemoteSwiftPackageReference;
			repositoryURL = "https://github.com/weichsel/ZIPFoundation";
			requirement = {
				kind = upToNextMajorVersion;
				minimumVersion = 0.9.20;
			};
		};
/* End XCRemoteSwiftPackageReference section */

/* Begin XCSwiftPackageProductDependency section */
		674E8D7E2FE8DF1F009EF151 /* ZIPFoundation */ = {
			isa = XCSwiftPackageProductDependency;
			package = 674E8D7D2FE8DF1F009EF151 /* XCRemoteSwiftPackageReference "ZIPFoundation" */;
			productName = ZIPFoundation;
		};
/* End XCSwiftPackageProductDependency section */
	};
	rootObject = 67FA9E502FE5D8850075C920 /* Project object */;
}
